
Microsoft Visual Studio Solution File, Format Version 12.00
# Visual Studio Version 17
VisualStudioVersion = 17.7.34221.43
MinimumVisualStudioVersion = 10.0.40219.1
Project("{FAE04EC0-301F-11D3-BF4B-00C04F79EFBC}") = "Core", "Models\Core.csproj", "{E7728D5E-679A-46F2-A093-A699ACD556DD}"
EndProject
Project("{FAE04EC0-301F-11D3-BF4B-00C04F79EFBC}") = "Presentation", "View\Presentation.csproj", "{043EBE20-DFAB-4DE8-9793-3C5B61412F4C}"
EndProject
Global
	GlobalSection(SolutionConfigurationPlatforms) = preSolution
		Debug|Any CPU = Debug|Any CPU
		Release|Any CPU = Release|Any CPU
	EndGlobalSection
	GlobalSection(ProjectConfigurationPlatforms) = postSolution
		{E7728D5E-679A-46F2-A093-A699ACD556DD}.Debug|Any CPU.ActiveCfg = Debug|Any CPU
		{E7728D5E-679A-46F2-A093-A699ACD556DD}.Debug|Any CPU.Build.0 = Debug|Any CPU
		{E7728D5E-679A-46F2-A093-A699ACD556DD}.Release|Any CPU.ActiveCfg = Release|Any CPU
		{E7728D5E-679A-46F2-A093-A699ACD556DD}.Release|Any CPU.Build.0 = Release|Any CPU
		{043EBE20-DFAB-4DE8-9793-3C5B61412F4C}.Debug|Any CPU.ActiveCfg = Debug|Any CPU
		{043EBE20-DFAB-4DE8-9793-3C5B61412F4C}.Debug|Any CPU.Build.0 = Debug|Any CPU
		{043EBE20-DFAB-4DE8-9793-3C5B61412F4C}.Release|Any CPU.ActiveCfg = Release|Any CPU
		{043EBE20-DFAB-4DE8-9793-3C5B61412F4C}.Release|Any CPU.Build.0 = Release|Any CPU
	EndGlobalSection
	GlobalSection(SolutionProperties) = preSolution
		HideSolutionNode = FALSE
	EndGlobalSection
	GlobalSection(ExtensibilityGlobals) = postSolution
		SolutionGuid = {D5C3FC9E-0BB0-4E10-B6F7-13A87043AC82}
	EndGlobalSection
EndGlobal
